
Microsoft Visual Studio Solution File, Format Version 12.00
# Visual Studio Version 16
VisualStudioVersion = 16.0.30503.244
MinimumVisualStudioVersion = 10.0.40219.1
Project("{FAE04EC0-301F-11D3-BF4B-00C04F79EFBC}") = "MarioYKoopa", "MarioYKoopa\MarioYKoopa.csproj", "{7D257043-9B31-4020-88C1-DE83608639C5}"
EndProject
Global
	GlobalSection(SolutionConfigurationPlatforms) = preSolution
		Debug|Any CPU = Debug|Any CPU
		Release|Any CPU = Release|Any CPU
	EndGlobalSection
	GlobalSection(ProjectConfigurationPlatforms) = postSolution
		{7D257043-9B31-4020-88C1-DE83608639C5}.Debug|Any CPU.ActiveCfg = Debug|Any CPU
		{7D257043-9B31-4020-88C1-DE83608639C5}.Debug|Any CPU.Build.0 = Debug|Any CPU
		{7D257043-9B31-4020-88C1-DE83608639C5}.Release|Any CPU.ActiveCfg = Release|Any CPU
		{7D257043-9B31-4020-88C1-DE83608639C5}.Release|Any CPU.Build.0 = Release|Any CPU
	EndGlobalSection
	GlobalSection(SolutionProperties) = preSolution
		HideSolutionNode = FALSE
	EndGlobalSection
	GlobalSection(ExtensibilityGlobals) = postSolution
		SolutionGuid = {49BA8FE9-3268-4DA7-B8C7-8878685D5FE5}
	EndGlobalSection
EndGlobal
